<?xml version="1.0" encoding="utf-8"?>
<Project ToolsVersion="4.0" xmlns="http://schemas.microsoft.com/developer/msbuild/2003">
  <ItemGroup>
    <ClCompile Include="ABB_IRB6640Solver.cpp">
      <Filter>source</Filter>
    </ClCompile>
    <ClCompile Include="example__ABB_IRB6640_stubskel.cpp">
      <Filter>source</Filter>
    </ClCompile>
    <ClCompile Include="main.cpp">
      <Filter>source</Filter>
    </ClCompile>
    <ClCompile Include="stdafx.cpp">
      <Filter>source</Filter>
    </ClCompile>
    <ClCompile Include="EGM.cpp">
      <Filter>source</Filter>
    </ClCompile>
    <ClCompile Include="egm.pb.cc">
      <Filter>source</Filter>
    </ClCompile>
  </ItemGroup>
  <ItemGroup>
    <ClInclude Include="ABB_IRB6640Solver.h">
      <Filter>header</Filter>
    </ClInclude>
    <ClInclude Include="example__ABB_IRB6640.h">
      <Filter>header</Filter>
    </ClInclude>
    <ClInclude Include="example__ABB_IRB6640_stubskel.h">
      <Filter>header</Filter>
    </ClInclude>
    <ClInclude Include="stdafx.h">
      <Filter>header</Filter>
    </ClInclude>
    <ClInclude Include="targetver.h">
      <Filter>header</Filter>
    </ClInclude>
    <ClInclude Include="EGM.h">
      <Filter>header</Filter>
    </ClInclude>
    <ClInclude Include="egm.pb.h">
      <Filter>header</Filter>
    </ClInclude>
  </ItemGroup>
  <ItemGroup>
    <Filter Include="header">
      <UniqueIdentifier>{5cbc6d2a-2fee-4e48-880c-ffa189a5474c}</UniqueIdentifier>
    </Filter>
    <Filter Include="source">
      <UniqueIdentifier>{46359990-986f-47a5-ad68-b858a3fe79d6}</UniqueIdentifier>
    </Filter>
  </ItemGroup>
</Project>